
Microsoft Visual Studio Solution File, Format Version 12.00
# Visual Studio Version 17
VisualStudioVersion = 17.6.33815.320
MinimumVisualStudioVersion = 10.0.40219.1
Project("{FAE04EC0-301F-11D3-BF4B-00C04F79EFBC}") = "KvalifikacijskiZadatak", "KvalifikacijskiZadatak\KvalifikacijskiZadatak.csproj", "{B4A9924E-CCC2-45B5-802D-59C1EEA7D40F}"
EndProject
Project("{FAE04EC0-301F-11D3-BF4B-00C04F79EFBC}") = "Data", "Data\Data.csproj", "{64AC95CA-28C3-4509-A18F-3744AC2FF05A}"
EndProject
Project("{FAE04EC0-301F-11D3-BF4B-00C04F79EFBC}") = "BussinesLogic", "BussinesLogic\BussinesLogic.csproj", "{F209E3A2-F2B1-4A46-88C3-A409B2CAEA29}"
EndProject
Global
	GlobalSection(SolutionConfigurationPlatforms) = preSolution
		Debug|Any CPU = Debug|Any CPU
		Release|Any CPU = Release|Any CPU
	EndGlobalSection
	GlobalSection(ProjectConfigurationPlatforms) = postSolution
		{B4A9924E-CCC2-45B5-802D-59C1EEA7D40F}.Debug|Any CPU.ActiveCfg = Debug|Any CPU
		{B4A9924E-CCC2-45B5-802D-59C1EEA7D40F}.Debug|Any CPU.Build.0 = Debug|Any CPU
		{B4A9924E-CCC2-45B5-802D-59C1EEA7D40F}.Release|Any CPU.ActiveCfg = Release|Any CPU
		{B4A9924E-CCC2-45B5-802D-59C1EEA7D40F}.Release|Any CPU.Build.0 = Release|Any CPU
		{64AC95CA-28C3-4509-A18F-3744AC2FF05A}.Debug|Any CPU.ActiveCfg = Debug|Any CPU
		{64AC95CA-28C3-4509-A18F-3744AC2FF05A}.Debug|Any CPU.Build.0 = Debug|Any CPU
		{64AC95CA-28C3-4509-A18F-3744AC2FF05A}.Release|Any CPU.ActiveCfg = Release|Any CPU
		{64AC95CA-28C3-4509-A18F-3744AC2FF05A}.Release|Any CPU.Build.0 = Release|Any CPU
		{F209E3A2-F2B1-4A46-88C3-A409B2CAEA29}.Debug|Any CPU.ActiveCfg = Debug|Any CPU
		{F209E3A2-F2B1-4A46-88C3-A409B2CAEA29}.Debug|Any CPU.Build.0 = Debug|Any CPU
		{F209E3A2-F2B1-4A46-88C3-A409B2CAEA29}.Release|Any CPU.ActiveCfg = Release|Any CPU
		{F209E3A2-F2B1-4A46-88C3-A409B2CAEA29}.Release|Any CPU.Build.0 = Release|Any CPU
	EndGlobalSection
	GlobalSection(SolutionProperties) = preSolution
		HideSolutionNode = FALSE
	EndGlobalSection
	GlobalSection(ExtensibilityGlobals) = postSolution
		SolutionGuid = {9C059197-8C53-46C3-943D-AD14115A9588}
	EndGlobalSection
EndGlobal
